<?xml version="1.0" encoding="utf-8"?>
<Project ToolsVersion="4.0" xmlns="http://schemas.microsoft.com/developer/msbuild/2003">
  <ItemGroup>
    <Filter Include="Source Files">
      <UniqueIdentifier>{4FC737F1-C7A5-4376-A066-2A32D752A2FF}</UniqueIdentifier>
      <Extensions>cpp;c;cc;cxx;c++;cppm;ixx;def;odl;idl;hpj;bat;asm;asmx</Extensions>
    </Filter>
    <Filter Include="Header Files">
      <UniqueIdentifier>{93995380-89BD-4b04-88EB-625FBE52EBFB}</UniqueIdentifier>
      <Extensions>h;hh;hpp;hxx;h++;hm;inl;inc;ipp;xsd</Extensions>
    </Filter>
    <Filter Include="Resource Files">
      <UniqueIdentifier>{67DA6AB6-F800-4c08-8B7A-83BB121AAD01}</UniqueIdentifier>
      <Extensions>rc;ico;cur;bmp;dlg;rc2;rct;bin;rgs;gif;jpg;jpeg;jpe;resx;tiff;tif;png;wav;mfcribbon-ms</Extensions>
    </Filter>
  </ItemGroup>
  <ItemGroup>
    <ClCompile Include="..\common\src\crypto\aes_adapter.cpp">
      <Filter>Source Files</Filter>
    </ClCompile>
    <ClCompile Include="..\common\src\crypto\aes_ctr.cpp">
      <Filter>Source Files</Filter>
    </ClCompile>
    <ClCompile Include="..\common\src\crypto\AESEncryption.cpp">
      <Filter>Source Files</Filter>
    </ClCompile>
    <ClCompile Include="..\common\src\crypto\ecdh.cpp">
      <Filter>Source Files</Filter>
    </ClCompile>
    <ClCompile Include="..\common\src\crypto\kdf.cpp">
      <Filter>Source Files</Filter>
    </ClCompile>
    <ClCompile Include="..\common\src\crypto\rsa_auth.cpp">
      <Filter>Source Files</Filter>
    </ClCompile>
    <ClCompile Include="..\common\src\crypto\RSAEncryption.cpp">
      <Filter>Source Files</Filter>
    </ClCompile>
    <ClCompile Include="..\common\src\crypto\sha256.cpp">
      <Filter>Source Files</Filter>
    </ClCompile>
    <ClCompile Include="..\common\src\net\socket.cpp">
      <Filter>Source Files</Filter>
    </ClCompile>
    <ClCompile Include="..\common\src\protocol\handshake.cpp">
      <Filter>Source Files</Filter>
    </ClCompile>
    <ClCompile Include="..\common\src\protocol\packet.cpp">
      <Filter>Source Files</Filter>
    </ClCompile>
    <ClCompile Include="..\common\src\secure_channel.cpp">
      <Filter>Source Files</Filter>
    </ClCompile>
    <ClCompile Include="main_middle.cpp">
      <Filter>Source Files</Filter>
    </ClCompile>
  </ItemGroup>
  <ItemGroup>
    <ClInclude Include="..\common\include\crypto\aes_adapter.h">
      <Filter>Header Files</Filter>
    </ClInclude>
    <ClInclude Include="..\common\include\crypto\aes_ctr.h">
      <Filter>Header Files</Filter>
    </ClInclude>
    <ClInclude Include="..\common\include\crypto\AESEncryption.h">
      <Filter>Header Files</Filter>
    </ClInclude>
    <ClInclude Include="..\common\include\crypto\ecdh.h">
      <Filter>Header Files</Filter>
    </ClInclude>
    <ClInclude Include="..\common\include\crypto\EncryptionAlgorithm.h">
      <Filter>Header Files</Filter>
    </ClInclude>
    <ClInclude Include="..\common\include\crypto\kdf.h">
      <Filter>Header Files</Filter>
    </ClInclude>
    <ClInclude Include="..\common\include\crypto\rsa_auth.h">
      <Filter>Header Files</Filter>
    </ClInclude>
    <ClInclude Include="..\common\include\crypto\RSAEncryption.h">
      <Filter>Header Files</Filter>
    </ClInclude>
    <ClInclude Include="..\common\include\crypto\sha256.h">
      <Filter>Header Files</Filter>
    </ClInclude>
    <ClInclude Include="..\common\include\net\socket.h">
      <Filter>Header Files</Filter>
    </ClInclude>
    <ClInclude Include="..\common\include\protocol\handshake.h">
      <Filter>Header Files</Filter>
    </ClInclude>
    <ClInclude Include="..\common\include\protocol\packet.h">
      <Filter>Header Files</Filter>
    </ClInclude>
    <ClInclude Include="..\common\include\secure_channel.h">
      <Filter>Header Files</Filter>
    </ClInclude>
  </ItemGroup>
</Project>